
Microsoft Visual Studio Solution File, Format Version 12.00
# Visual Studio 15
VisualStudioVersion = 15.0.26403.3
MinimumVisualStudioVersion = 10.0.40219.1
Project("{FAE04EC0-301F-11D3-BF4B-00C04F79EFBC}") = "Pushback Utility", "Pushback Utility\Pushback Utility.csproj", "{81738ED0-DF4F-4FCC-8980-335752EEE1BC}"
EndProject
Project("{FAE04EC0-301F-11D3-BF4B-00C04F79EFBC}") = "Pushback Configurator", "Pushback Configurator\Pushback Configurator.csproj", "{5F29B6C0-FD4C-45E6-B529-ED73C37EED0C}"
EndProject
Project("{FAE04EC0-301F-11D3-BF4B-00C04F79EFBC}") = "BGLParser", "BGLParser\BGLParser.csproj", "{8F582F5D-ECC9-4441-92C9-7BEB107553FD}"
EndProject
Global
	GlobalSection(SolutionConfigurationPlatforms) = preSolution
		Debug|Any CPU = Debug|Any CPU
		Debug|x86 = Debug|x86
		Release|Any CPU = Release|Any CPU
		Release|x86 = Release|x86
	EndGlobalSection
	GlobalSection(ProjectConfigurationPlatforms) = postSolution
		{81738ED0-DF4F-4FCC-8980-335752EEE1BC}.Debug|Any CPU.ActiveCfg = Debug|Any CPU
		{81738ED0-DF4F-4FCC-8980-335752EEE1BC}.Debug|Any CPU.Build.0 = Debug|Any CPU
		{81738ED0-DF4F-4FCC-8980-335752EEE1BC}.Debug|x86.ActiveCfg = Debug|x86
		{81738ED0-DF4F-4FCC-8980-335752EEE1BC}.Debug|x86.Build.0 = Debug|x86
		{81738ED0-DF4F-4FCC-8980-335752EEE1BC}.Release|Any CPU.ActiveCfg = Release|Any CPU
		{81738ED0-DF4F-4FCC-8980-335752EEE1BC}.Release|Any CPU.Build.0 = Release|Any CPU
		{81738ED0-DF4F-4FCC-8980-335752EEE1BC}.Release|x86.ActiveCfg = Release|x86
		{81738ED0-DF4F-4FCC-8980-335752EEE1BC}.Release|x86.Build.0 = Release|x86
		{5F29B6C0-FD4C-45E6-B529-ED73C37EED0C}.Debug|Any CPU.ActiveCfg = Debug|Any CPU
		{5F29B6C0-FD4C-45E6-B529-ED73C37EED0C}.Debug|Any CPU.Build.0 = Debug|Any CPU
		{5F29B6C0-FD4C-45E6-B529-ED73C37EED0C}.Debug|x86.ActiveCfg = Debug|x86
		{5F29B6C0-FD4C-45E6-B529-ED73C37EED0C}.Debug|x86.Build.0 = Debug|x86
		{5F29B6C0-FD4C-45E6-B529-ED73C37EED0C}.Release|Any CPU.ActiveCfg = Release|Any CPU
		{5F29B6C0-FD4C-45E6-B529-ED73C37EED0C}.Release|Any CPU.Build.0 = Release|Any CPU
		{5F29B6C0-FD4C-45E6-B529-ED73C37EED0C}.Release|x86.ActiveCfg = Release|Any CPU
		{5F29B6C0-FD4C-45E6-B529-ED73C37EED0C}.Release|x86.Build.0 = Release|Any CPU
		{8F582F5D-ECC9-4441-92C9-7BEB107553FD}.Debug|Any CPU.ActiveCfg = Debug|Any CPU
		{8F582F5D-ECC9-4441-92C9-7BEB107553FD}.Debug|Any CPU.Build.0 = Debug|Any CPU
		{8F582F5D-ECC9-4441-92C9-7BEB107553FD}.Debug|x86.ActiveCfg = Debug|x86
		{8F582F5D-ECC9-4441-92C9-7BEB107553FD}.Debug|x86.Build.0 = Debug|x86
		{8F582F5D-ECC9-4441-92C9-7BEB107553FD}.Release|Any CPU.ActiveCfg = Release|Any CPU
		{8F582F5D-ECC9-4441-92C9-7BEB107553FD}.Release|Any CPU.Build.0 = Release|Any CPU
		{8F582F5D-ECC9-4441-92C9-7BEB107553FD}.Release|x86.ActiveCfg = Release|Any CPU
		{8F582F5D-ECC9-4441-92C9-7BEB107553FD}.Release|x86.Build.0 = Release|Any CPU
	EndGlobalSection
	GlobalSection(SolutionProperties) = preSolution
		HideSolutionNode = FALSE
	EndGlobalSection
EndGlobal
